Microsoft Visual Studio Solution File, Format Version 12.00
# Visual Studio Version 17
VisualStudioVersion = 17.5.2.0
MinimumVisualStudioVersion = 10.0.40219.1
Project("{FAE04EC0-301F-11D3-BF4B-00C04F79EFBC}") = "PawfectHome", "PawfectHome.csproj", "{BCDAE195-9FDD-2AEF-5A34-D1A5CC9C4DC2}"
EndProject
Global
	GlobalSection(SolutionConfigurationPlatforms) = preSolution
		Debug|Any CPU = Debug|Any CPU
		Release|Any CPU = Release|Any CPU
	EndGlobalSection
	GlobalSection(ProjectConfigurationPlatforms) = postSolution
		{BCDAE195-9FDD-2AEF-5A34-D1A5CC9C4DC2}.Debug|Any CPU.ActiveCfg = Debug|Any CPU
		{BCDAE195-9FDD-2AEF-5A34-D1A5CC9C4DC2}.Debug|Any CPU.Build.0 = Debug|Any CPU
		{BCDAE195-9FDD-2AEF-5A34-D1A5CC9C4DC2}.Release|Any CPU.ActiveCfg = Release|Any CPU
		{BCDAE195-9FDD-2AEF-5A34-D1A5CC9C4DC2}.Release|Any CPU.Build.0 = Release|Any CPU
	EndGlobalSection
	GlobalSection(SolutionProperties) = preSolution
		HideSolutionNode = FALSE
	EndGlobalSection
	GlobalSection(ExtensibilityGlobals) = postSolution
		SolutionGuid = {81DB0744-FC82-437B-8667-A820126401B6}
	EndGlobalSection
EndGlobal
